
Microsoft Visual Studio Solution File, Format Version 12.00
# Visual Studio 15
VisualStudioVersion = 15.0.26730.16
MinimumVisualStudioVersion = 10.0.40219.1
Project("{9A19103F-16F7-4668-BE54-9A1E7A4F7556}") = "Orleans.TelemetryConsumers.ElasticSearch", "src\ElasticSearchTelemetryConsumer\Orleans.TelemetryConsumers.ElasticSearch.csproj", "{8A54E4AA-5C5E-479D-9DEB-C56A8FBB4E25}"
EndProject
Project("{9A19103F-16F7-4668-BE54-9A1E7A4F7556}") = "ESTester", "src\ESTester\ESTester.csproj", "{5337C6AB-D1F7-48DC-A155-D6A703CAB128}"
EndProject
Project("{9A19103F-16F7-4668-BE54-9A1E7A4F7556}") = "TestHost", "src\TestHost\TestHost.csproj", "{198CABB3-0ABF-47CB-8D7A-2D7D7AE69A2D}"
EndProject
Project("{FAE04EC0-301F-11D3-BF4B-00C04F79EFBC}") = "TestGrains", "src\TestGrains\TestGrains.csproj", "{F60218F8-EBEC-48E7-A80C-4704FEBA681C}"
EndProject
Project("{FAE04EC0-301F-11D3-BF4B-00C04F79EFBC}") = "TestGrainInterfaces", "src\TestGrainInterfaces\TestGrainInterfaces.csproj", "{BA6DEEC7-DD01-4B9B-91FB-A326DB186501}"
EndProject
Project("{FAE04EC0-301F-11D3-BF4B-00C04F79EFBC}") = "ConsoleApp1", "src\ConsoleApp1\ConsoleApp1.csproj", "{30B586C9-BE21-43A4-83F2-EF3E337AFB59}"
EndProject
Global
	GlobalSection(SolutionConfigurationPlatforms) = preSolution
		Debug|Any CPU = Debug|Any CPU
		Release with Analysis|Any CPU = Release with Analysis|Any CPU
		Release|Any CPU = Release|Any CPU
	EndGlobalSection
	GlobalSection(ProjectConfigurationPlatforms) = postSolution
		{8A54E4AA-5C5E-479D-9DEB-C56A8FBB4E25}.Debug|Any CPU.ActiveCfg = Debug|Any CPU
		{8A54E4AA-5C5E-479D-9DEB-C56A8FBB4E25}.Debug|Any CPU.Build.0 = Debug|Any CPU
		{8A54E4AA-5C5E-479D-9DEB-C56A8FBB4E25}.Release with Analysis|Any CPU.ActiveCfg = Release|Any CPU
		{8A54E4AA-5C5E-479D-9DEB-C56A8FBB4E25}.Release with Analysis|Any CPU.Build.0 = Release|Any CPU
		{8A54E4AA-5C5E-479D-9DEB-C56A8FBB4E25}.Release|Any CPU.ActiveCfg = Release|Any CPU
		{8A54E4AA-5C5E-479D-9DEB-C56A8FBB4E25}.Release|Any CPU.Build.0 = Release|Any CPU
		{5337C6AB-D1F7-48DC-A155-D6A703CAB128}.Debug|Any CPU.ActiveCfg = Debug|Any CPU
		{5337C6AB-D1F7-48DC-A155-D6A703CAB128}.Debug|Any CPU.Build.0 = Debug|Any CPU
		{5337C6AB-D1F7-48DC-A155-D6A703CAB128}.Release with Analysis|Any CPU.ActiveCfg = Release|Any CPU
		{5337C6AB-D1F7-48DC-A155-D6A703CAB128}.Release with Analysis|Any CPU.Build.0 = Release|Any CPU
		{5337C6AB-D1F7-48DC-A155-D6A703CAB128}.Release|Any CPU.ActiveCfg = Release|Any CPU
		{5337C6AB-D1F7-48DC-A155-D6A703CAB128}.Release|Any CPU.Build.0 = Release|Any CPU
		{198CABB3-0ABF-47CB-8D7A-2D7D7AE69A2D}.Debug|Any CPU.ActiveCfg = Debug|Any CPU
		{198CABB3-0ABF-47CB-8D7A-2D7D7AE69A2D}.Debug|Any CPU.Build.0 = Debug|Any CPU
		{198CABB3-0ABF-47CB-8D7A-2D7D7AE69A2D}.Release with Analysis|Any CPU.ActiveCfg = Release|Any CPU
		{198CABB3-0ABF-47CB-8D7A-2D7D7AE69A2D}.Release with Analysis|Any CPU.Build.0 = Release|Any CPU
		{198CABB3-0ABF-47CB-8D7A-2D7D7AE69A2D}.Release|Any CPU.ActiveCfg = Release|Any CPU
		{198CABB3-0ABF-47CB-8D7A-2D7D7AE69A2D}.Release|Any CPU.Build.0 = Release|Any CPU
		{F60218F8-EBEC-48E7-A80C-4704FEBA681C}.Debug|Any CPU.ActiveCfg = Debug|Any CPU
		{F60218F8-EBEC-48E7-A80C-4704FEBA681C}.Debug|Any CPU.Build.0 = Debug|Any CPU
		{F60218F8-EBEC-48E7-A80C-4704FEBA681C}.Release with Analysis|Any CPU.ActiveCfg = Release|Any CPU
		{F60218F8-EBEC-48E7-A80C-4704FEBA681C}.Release with Analysis|Any CPU.Build.0 = Release|Any CPU
		{F60218F8-EBEC-48E7-A80C-4704FEBA681C}.Release|Any CPU.ActiveCfg = Release|Any CPU
		{F60218F8-EBEC-48E7-A80C-4704FEBA681C}.Release|Any CPU.Build.0 = Release|Any CPU
		{BA6DEEC7-DD01-4B9B-91FB-A326DB186501}.Debug|Any CPU.ActiveCfg = Debug|Any CPU
		{BA6DEEC7-DD01-4B9B-91FB-A326DB186501}.Debug|Any CPU.Build.0 = Debug|Any CPU
		{BA6DEEC7-DD01-4B9B-91FB-A326DB186501}.Release with Analysis|Any CPU.ActiveCfg = Release|Any CPU
		{BA6DEEC7-DD01-4B9B-91FB-A326DB186501}.Release with Analysis|Any CPU.Build.0 = Release|Any CPU
		{BA6DEEC7-DD01-4B9B-91FB-A326DB186501}.Release|Any CPU.ActiveCfg = Release|Any CPU
		{BA6DEEC7-DD01-4B9B-91FB-A326DB186501}.Release|Any CPU.Build.0 = Release|Any CPU
		{30B586C9-BE21-43A4-83F2-EF3E337AFB59}.Debug|Any CPU.ActiveCfg = Debug|Any CPU
		{30B586C9-BE21-43A4-83F2-EF3E337AFB59}.Debug|Any CPU.Build.0 = Debug|Any CPU
		{30B586C9-BE21-43A4-83F2-EF3E337AFB59}.Release with Analysis|Any CPU.ActiveCfg = Release|Any CPU
		{30B586C9-BE21-43A4-83F2-EF3E337AFB59}.Release with Analysis|Any CPU.Build.0 = Release|Any CPU
		{30B586C9-BE21-43A4-83F2-EF3E337AFB59}.Release|Any CPU.ActiveCfg = Release|Any CPU
		{30B586C9-BE21-43A4-83F2-EF3E337AFB59}.Release|Any CPU.Build.0 = Release|Any CPU
	EndGlobalSection
	GlobalSection(SolutionProperties) = preSolution
		HideSolutionNode = FALSE
	EndGlobalSection
	GlobalSection(ExtensibilityGlobals) = postSolution
		SolutionGuid = {3BD13F56-982F-41BC-A282-82997EE4FF6F}
	EndGlobalSection
EndGlobal
